version = 1
revision = 3
requires-python = ">=3.14"

[[package]]
name = "mario-bros-game-and-watch"
version = "0.1.0"
source = { virtual = "." }
dependencies = [
    { name = "pyxel" },
]

[package.metadata]
requires-dist = [{ name = "pyxel", specifier = ">=2.5.10" }]

[[package]]
name = "pyxel"
version = "2.5.10"
source = { registry = "https://pypi.org/simple" }
wheels = [
    { url = "https://files.pythonhosted.org/packages/6a/19/076005a0fc3dcf480168180d35de2c2a7fcccfef304a41336683988ce40c/pyxel-2.5.10-cp38-abi3-macosx_10_12_x86_64.whl", hash = "sha256:01c269412590c7e16fc72d46f458ef5485ff44b65fedb35067b72a54d7b9eab7", size = 4848394, upload-time = "2025-11-07T04:20:40.453Z" },
    { url = "https://files.pythonhosted.org/packages/58/27/0e5a2d7cda492512a84a51bdd1ec1d067a5caaadf584bcc2ebe56c2d6b0e/pyxel-2.5.10-cp38-abi3-macosx_11_0_arm64.whl", hash = "sha256:fe03ff991041bac996f5e009cf43f0f052cc301538d6447464b6f1f5c41810c5", size = 4566797, upload-time = "2025-11-07T04:20:42.967Z" },
    { url = "https://files.pythonhosted.org/packages/0e/6f/03bcf5c7ebb766c5d98ace656e3d996462cf307d2d29a7001952a14a0687/pyxel-2.5.10-cp38-abi3-manylinux_2_17_aarch64.manylinux2014_aarch64.whl", hash = "sha256:80af2745d7363c282f50b00d3c3a9b7b95f55892b471329d88d53bfb86868e39", size = 4297614, upload-time = "2025-11-07T04:20:44.695Z" },
    { url = "https://files.pythonhosted.org/packages/bf/ed/b491d0cf89ddcdfa5276048b358dffd3ab694f92f20080bdb9bee71f325e/pyxel-2.5.10-cp38-abi3-manylinux_2_17_armv7l.manylinux2014_armv7l.whl", hash = "sha256:c720563f3d850c3a1ed498eaf9137ea54802d786c82f4073434741b13c60630b", size = 4306947, upload-time = "2025-11-07T04:20:46.654Z" },
    { url = "https://files.pythonhosted.org/packages/e8/07/d2f110899d93ed91cef452aaf255b9bc672be9b2210964ef3ede073729e4/pyxel-2.5.10-cp38-abi3-manylinux_2_17_i686.manylinux2014_i686.whl", hash = "sha256:6552d43c53a6792e382d2df51ab7085a8f2dd5143bfac3be7f19ecea98dd8d4c", size = 4741179, upload-time = "2025-11-07T04:20:48.281Z" },
    { url = "https://files.pythonhosted.org/packages/58/d1/b335362714e68d2695f2bc30056514efbafb1a7cfb0bf24a5cf769f985df/pyxel-2.5.10-cp38-abi3-manylinux_2_17_x86_64.manylinux2014_x86_64.whl", hash = "sha256:dc70a3e118d21069deeec5f2803dd9e332ace556a69c177de2c8a60a1257ad2c", size = 4476801, upload-time = "2025-11-07T04:20:49.864Z" },
    { url = "https://files.pythonhosted.org/packages/7f/6a/60b918408c0d09378222f10f91f6fd4d988d625339926aabc8938eb42d21/pyxel-2.5.10-cp38-abi3-win32.whl", hash = "sha256:aa7d65c4426965cc1c54efd42ce733d9b305c30f8b29730276c72fb86a7e73a3", size = 4340226, upload-time = "2025-11-07T04:20:51.047Z" },
    { url = "https://files.pythonhosted.org/packages/98/00/4d815a91cd80794f5f940a14fd07df1c35ba1e5fccc3d350da3f20022b2e/pyxel-2.5.10-cp38-abi3-win_amd64.whl", hash = "sha256:57a54d2a4126803011f394b86563c813591417707e98db7211b01f1d14095639", size = 4519755, upload-time = "2025-11-07T04:20:52.687Z" },
]
